
Microsoft Visual Studio Solution File, Format Version 12.00
# Visual Studio Version 17
VisualStudioVersion = 17.5.33516.290
MinimumVisualStudioVersion = 10.0.40219.1
Project("{9A19103F-16F7-4668-BE54-9A1E7A4F7556}") = "AppCinema", "Cinema\AppCinema.csproj", "{D6178CCC-5AD6-425F-AFD8-6B5A7B93BF53}"
EndProject
Global
	GlobalSection(SolutionConfigurationPlatforms) = preSolution
		Debug|Any CPU = Debug|Any CPU
		Release|Any CPU = Release|Any CPU
	EndGlobalSection
	GlobalSection(ProjectConfigurationPlatforms) = postSolution
		{D6178CCC-5AD6-425F-AFD8-6B5A7B93BF53}.Debug|Any CPU.ActiveCfg = Debug|Any CPU
		{D6178CCC-5AD6-425F-AFD8-6B5A7B93BF53}.Debug|Any CPU.Build.0 = Debug|Any CPU
		{D6178CCC-5AD6-425F-AFD8-6B5A7B93BF53}.Release|Any CPU.ActiveCfg = Release|Any CPU
		{D6178CCC-5AD6-425F-AFD8-6B5A7B93BF53}.Release|Any CPU.Build.0 = Release|Any CPU
	EndGlobalSection
	GlobalSection(SolutionProperties) = preSolution
		HideSolutionNode = FALSE
	EndGlobalSection
	GlobalSection(ExtensibilityGlobals) = postSolution
		SolutionGuid = {78E7F18E-E8C2-468E-B367-D035D37C1020}
	EndGlobalSection
EndGlobal
